
Microsoft Visual Studio Solution File, Format Version 12.00
# Visual Studio Version 17
VisualStudioVersion = 17.7.34009.444
MinimumVisualStudioVersion = 10.0.40219.1
Project("{FAE04EC0-301F-11D3-BF4B-00C04F79EFBC}") = "SalesWebMvc", "SalesWebMvc\SalesWebMvc.csproj", "{36850E47-1776-4AE2-9B5D-58475A05B516}"
EndProject
Global
	GlobalSection(SolutionConfigurationPlatforms) = preSolution
		Debug|Any CPU = Debug|Any CPU
		Release|Any CPU = Release|Any CPU
	EndGlobalSection
	GlobalSection(ProjectConfigurationPlatforms) = postSolution
		{36850E47-1776-4AE2-9B5D-58475A05B516}.Debug|Any CPU.ActiveCfg = Debug|Any CPU
		{36850E47-1776-4AE2-9B5D-58475A05B516}.Debug|Any CPU.Build.0 = Debug|Any CPU
		{36850E47-1776-4AE2-9B5D-58475A05B516}.Release|Any CPU.ActiveCfg = Release|Any CPU
		{36850E47-1776-4AE2-9B5D-58475A05B516}.Release|Any CPU.Build.0 = Release|Any CPU
	EndGlobalSection
	GlobalSection(SolutionProperties) = preSolution
		HideSolutionNode = FALSE
	EndGlobalSection
	GlobalSection(ExtensibilityGlobals) = postSolution
		SolutionGuid = {3E326C8E-39D5-4319-9BD9-73A4BEE7D662}
	EndGlobalSection
EndGlobal
